
Microsoft Visual Studio Solution File, Format Version 12.00
# Visual Studio Version 16
VisualStudioVersion = 16.0.29424.173
MinimumVisualStudioVersion = 10.0.40219.1
Project("{9A19103F-16F7-4668-BE54-9A1E7A4F7556}") = "Spect.Net.Shell.Shared", "Spect.Net.Shell.Shared\Spect.Net.Shell.Shared.csproj", "{FBB868ED-A929-4911-8A67-A4A9C27292EC}"
EndProject
Project("{9A19103F-16F7-4668-BE54-9A1E7A4F7556}") = "Spect.Net.Shell.Client", "Spect.Net.Shell.Client\Spect.Net.Shell.Client.csproj", "{7229C9A8-0A34-42D1-8052-5743B380034D}"
EndProject
Project("{9A19103F-16F7-4668-BE54-9A1E7A4F7556}") = "Spect.Net.Shell.Server", "Spect.Net.Shell.Server\Spect.Net.Shell.Server.csproj", "{22DBBA83-DC2A-4F4B-AD3C-3551413D261B}"
EndProject
Global
	GlobalSection(SolutionConfigurationPlatforms) = preSolution
		Debug|Any CPU = Debug|Any CPU
		Release|Any CPU = Release|Any CPU
	EndGlobalSection
	GlobalSection(ProjectConfigurationPlatforms) = postSolution
		{FBB868ED-A929-4911-8A67-A4A9C27292EC}.Debug|Any CPU.ActiveCfg = Debug|Any CPU
		{FBB868ED-A929-4911-8A67-A4A9C27292EC}.Debug|Any CPU.Build.0 = Debug|Any CPU
		{FBB868ED-A929-4911-8A67-A4A9C27292EC}.Release|Any CPU.ActiveCfg = Release|Any CPU
		{FBB868ED-A929-4911-8A67-A4A9C27292EC}.Release|Any CPU.Build.0 = Release|Any CPU
		{7229C9A8-0A34-42D1-8052-5743B380034D}.Debug|Any CPU.ActiveCfg = Debug|Any CPU
		{7229C9A8-0A34-42D1-8052-5743B380034D}.Debug|Any CPU.Build.0 = Debug|Any CPU
		{7229C9A8-0A34-42D1-8052-5743B380034D}.Release|Any CPU.ActiveCfg = Release|Any CPU
		{7229C9A8-0A34-42D1-8052-5743B380034D}.Release|Any CPU.Build.0 = Release|Any CPU
		{22DBBA83-DC2A-4F4B-AD3C-3551413D261B}.Debug|Any CPU.ActiveCfg = Debug|Any CPU
		{22DBBA83-DC2A-4F4B-AD3C-3551413D261B}.Debug|Any CPU.Build.0 = Debug|Any CPU
		{22DBBA83-DC2A-4F4B-AD3C-3551413D261B}.Release|Any CPU.ActiveCfg = Release|Any CPU
		{22DBBA83-DC2A-4F4B-AD3C-3551413D261B}.Release|Any CPU.Build.0 = Release|Any CPU
	EndGlobalSection
	GlobalSection(SolutionProperties) = preSolution
		HideSolutionNode = FALSE
	EndGlobalSection
	GlobalSection(ExtensibilityGlobals) = postSolution
		SolutionGuid = {7CDDF4B8-4CFC-422D-896F-5E531A4FFD9A}
	EndGlobalSection
EndGlobal
